
Microsoft Visual Studio Solution File, Format Version 12.00
# Visual Studio Version 17
VisualStudioVersion = 17.4.33110.190
MinimumVisualStudioVersion = 10.0.40219.1
Project("{FAE04EC0-301F-11D3-BF4B-00C04F79EFBC}") = "Play.Catalog.Service", "Play.Catalog.Service\Play.Catalog.Service.csproj", "{EFDC75BE-7A22-4967-B41E-7DBE23D79FC8}"
EndProject
Global
	GlobalSection(SolutionConfigurationPlatforms) = preSolution
		Debug|Any CPU = Debug|Any CPU
		Release|Any CPU = Release|Any CPU
	EndGlobalSection
	GlobalSection(ProjectConfigurationPlatforms) = postSolution
		{EFDC75BE-7A22-4967-B41E-7DBE23D79FC8}.Debug|Any CPU.ActiveCfg = Debug|Any CPU
		{EFDC75BE-7A22-4967-B41E-7DBE23D79FC8}.Debug|Any CPU.Build.0 = Debug|Any CPU
		{EFDC75BE-7A22-4967-B41E-7DBE23D79FC8}.Release|Any CPU.ActiveCfg = Release|Any CPU
		{EFDC75BE-7A22-4967-B41E-7DBE23D79FC8}.Release|Any CPU.Build.0 = Release|Any CPU
	EndGlobalSection
	GlobalSection(SolutionProperties) = preSolution
		HideSolutionNode = FALSE
	EndGlobalSection
	GlobalSection(ExtensibilityGlobals) = postSolution
		SolutionGuid = {567F05A7-7E37-47B4-8811-2654F1748CAB}
	EndGlobalSection
EndGlobal
